
Microsoft Visual Studio Solution File, Format Version 12.00
# Visual Studio 15
VisualStudioVersion = 15.0.27130.2010
MinimumVisualStudioVersion = 10.0.40219.1
Project("{FAE04EC0-301F-11D3-BF4B-00C04F79EFBC}") = "PrisonLabor", "PrisonLabor.csproj", "{97750974-4CB6-4D31-84A1-A3AA77B1E2EE}"
EndProject
Project("{FAE04EC0-301F-11D3-BF4B-00C04F79EFBC}") = "PrisonLabor-Tests", "..\Test\PrisonLabor-Tests.csproj", "{AB1F40E6-D2E8-499F-9AD3-A96D2D11CCDF}"
EndProject
Global
	GlobalSection(SolutionConfigurationPlatforms) = preSolution
		Debug|Any CPU = Debug|Any CPU
		Release|Any CPU = Release|Any CPU
	EndGlobalSection
	GlobalSection(ProjectConfigurationPlatforms) = postSolution
		{97750974-4CB6-4D31-84A1-A3AA77B1E2EE}.Debug|Any CPU.ActiveCfg = Debug|Any CPU
		{97750974-4CB6-4D31-84A1-A3AA77B1E2EE}.Debug|Any CPU.Build.0 = Debug|Any CPU
		{97750974-4CB6-4D31-84A1-A3AA77B1E2EE}.Release|Any CPU.ActiveCfg = Release|Any CPU
		{97750974-4CB6-4D31-84A1-A3AA77B1E2EE}.Release|Any CPU.Build.0 = Release|Any CPU
		{AB1F40E6-D2E8-499F-9AD3-A96D2D11CCDF}.Debug|Any CPU.ActiveCfg = Debug|Any CPU
		{AB1F40E6-D2E8-499F-9AD3-A96D2D11CCDF}.Debug|Any CPU.Build.0 = Debug|Any CPU
		{AB1F40E6-D2E8-499F-9AD3-A96D2D11CCDF}.Release|Any CPU.ActiveCfg = Release|Any CPU
		{AB1F40E6-D2E8-499F-9AD3-A96D2D11CCDF}.Release|Any CPU.Build.0 = Release|Any CPU
	EndGlobalSection
	GlobalSection(SolutionProperties) = preSolution
		HideSolutionNode = FALSE
	EndGlobalSection
	GlobalSection(ExtensibilityGlobals) = postSolution
		SolutionGuid = {E65B12E7-EE0C-49EA-9D15-AEC595400BCD}
	EndGlobalSection
EndGlobal
